
Microsoft Visual Studio Solution File, Format Version 12.00
# Visual Studio Version 17
VisualStudioVersion = 17.1.32228.430
MinimumVisualStudioVersion = 10.0.40219.1
Project("{FAE04EC0-301F-11D3-BF4B-00C04F79EFBC}") = "introTestDriveDevelopment", "introTestDriveDevelopment\introTestDriveDevelopment.csproj", "{C78C4B69-6D72-49C0-8871-1065134510C2}"
EndProject
Project("{FAE04EC0-301F-11D3-BF4B-00C04F79EFBC}") = "testIntroDriveDevelopment", "testIntroDriveDevelopment\testIntroDriveDevelopment.csproj", "{79384C32-2C8F-41FD-86FE-5D94CF45EE85}"
EndProject
Global
	GlobalSection(SolutionConfigurationPlatforms) = preSolution
		Debug|Any CPU = Debug|Any CPU
		Release|Any CPU = Release|Any CPU
	EndGlobalSection
	GlobalSection(ProjectConfigurationPlatforms) = postSolution
		{C78C4B69-6D72-49C0-8871-1065134510C2}.Debug|Any CPU.ActiveCfg = Debug|Any CPU
		{C78C4B69-6D72-49C0-8871-1065134510C2}.Debug|Any CPU.Build.0 = Debug|Any CPU
		{C78C4B69-6D72-49C0-8871-1065134510C2}.Release|Any CPU.ActiveCfg = Release|Any CPU
		{C78C4B69-6D72-49C0-8871-1065134510C2}.Release|Any CPU.Build.0 = Release|Any CPU
		{79384C32-2C8F-41FD-86FE-5D94CF45EE85}.Debug|Any CPU.ActiveCfg = Debug|Any CPU
		{79384C32-2C8F-41FD-86FE-5D94CF45EE85}.Debug|Any CPU.Build.0 = Debug|Any CPU
		{79384C32-2C8F-41FD-86FE-5D94CF45EE85}.Release|Any CPU.ActiveCfg = Release|Any CPU
		{79384C32-2C8F-41FD-86FE-5D94CF45EE85}.Release|Any CPU.Build.0 = Release|Any CPU
	EndGlobalSection
	GlobalSection(SolutionProperties) = preSolution
		HideSolutionNode = FALSE
	EndGlobalSection
	GlobalSection(ExtensibilityGlobals) = postSolution
		SolutionGuid = {D37A98D1-9E14-4D1C-BBF5-09ECD9FFB6F5}
	EndGlobalSection
EndGlobal
